
Microsoft Visual Studio Solution File, Format Version 12.00
# Visual Studio Version 17
VisualStudioVersion = 17.0.32002.185
MinimumVisualStudioVersion = 10.0.40219.1
Project("{FAE04EC0-301F-11D3-BF4B-00C04F79EFBC}") = "firstproject", "firstproject\firstproject.csproj", "{F5092FAE-3E4C-4D00-BBC6-161C82B79E99}"
EndProject
Global
	GlobalSection(SolutionConfigurationPlatforms) = preSolution
		Debug|Any CPU = Debug|Any CPU
		Release|Any CPU = Release|Any CPU
	EndGlobalSection
	GlobalSection(ProjectConfigurationPlatforms) = postSolution
		{F5092FAE-3E4C-4D00-BBC6-161C82B79E99}.Debug|Any CPU.ActiveCfg = Debug|Any CPU
		{F5092FAE-3E4C-4D00-BBC6-161C82B79E99}.Debug|Any CPU.Build.0 = Debug|Any CPU
		{F5092FAE-3E4C-4D00-BBC6-161C82B79E99}.Release|Any CPU.ActiveCfg = Release|Any CPU
		{F5092FAE-3E4C-4D00-BBC6-161C82B79E99}.Release|Any CPU.Build.0 = Release|Any CPU
	EndGlobalSection
	GlobalSection(SolutionProperties) = preSolution
		HideSolutionNode = FALSE
	EndGlobalSection
	GlobalSection(ExtensibilityGlobals) = postSolution
		SolutionGuid = {D749B4D3-D19E-40A6-BEA0-C2B1F9213790}
	EndGlobalSection
EndGlobal
